
Microsoft Visual Studio Solution File, Format Version 12.00
# Visual Studio 14
VisualStudioVersion = 14.0.25123.0
MinimumVisualStudioVersion = 10.0.40219.1
Project("{FAE04EC0-301F-11D3-BF4B-00C04F79EFBC}") = "NuimoDemoApp", "NuimoTestApp\NuimoDemoApp.csproj", "{1C609BC5-9DA8-4A74-BFCC-EFF4907247C9}"
EndProject
Project("{FAE04EC0-301F-11D3-BF4B-00C04F79EFBC}") = "NuimoController", "NuimoController\NuimoController.csproj", "{C3972349-6948-4242-92AB-094E1E5DD628}"
EndProject
Global
	GlobalSection(SolutionConfigurationPlatforms) = preSolution
		Debug|Any CPU = Debug|Any CPU
		Debug|ARM = Debug|ARM
		Debug|x64 = Debug|x64
		Debug|x86 = Debug|x86
		Release|Any CPU = Release|Any CPU
		Release|ARM = Release|ARM
		Release|x64 = Release|x64
		Release|x86 = Release|x86
	EndGlobalSection
	GlobalSection(ProjectConfigurationPlatforms) = postSolution
		{1C609BC5-9DA8-4A74-BFCC-EFF4907247C9}.Debug|Any CPU.ActiveCfg = Debug|x86
		{1C609BC5-9DA8-4A74-BFCC-EFF4907247C9}.Debug|ARM.ActiveCfg = Debug|ARM
		{1C609BC5-9DA8-4A74-BFCC-EFF4907247C9}.Debug|ARM.Build.0 = Debug|ARM
		{1C609BC5-9DA8-4A74-BFCC-EFF4907247C9}.Debug|ARM.Deploy.0 = Debug|ARM
		{1C609BC5-9DA8-4A74-BFCC-EFF4907247C9}.Debug|x64.ActiveCfg = Debug|x64
		{1C609BC5-9DA8-4A74-BFCC-EFF4907247C9}.Debug|x64.Build.0 = Debug|x64
		{1C609BC5-9DA8-4A74-BFCC-EFF4907247C9}.Debug|x64.Deploy.0 = Debug|x64
		{1C609BC5-9DA8-4A74-BFCC-EFF4907247C9}.Debug|x86.ActiveCfg = Debug|x86
		{1C609BC5-9DA8-4A74-BFCC-EFF4907247C9}.Debug|x86.Build.0 = Debug|x86
		{1C609BC5-9DA8-4A74-BFCC-EFF4907247C9}.Debug|x86.Deploy.0 = Debug|x86
		{1C609BC5-9DA8-4A74-BFCC-EFF4907247C9}.Release|Any CPU.ActiveCfg = Release|x86
		{1C609BC5-9DA8-4A74-BFCC-EFF4907247C9}.Release|ARM.ActiveCfg = Release|ARM
		{1C609BC5-9DA8-4A74-BFCC-EFF4907247C9}.Release|ARM.Build.0 = Release|ARM
		{1C609BC5-9DA8-4A74-BFCC-EFF4907247C9}.Release|ARM.Deploy.0 = Release|ARM
		{1C609BC5-9DA8-4A74-BFCC-EFF4907247C9}.Release|x64.ActiveCfg = Release|x64
		{1C609BC5-9DA8-4A74-BFCC-EFF4907247C9}.Release|x64.Build.0 = Release|x64
		{1C609BC5-9DA8-4A74-BFCC-EFF4907247C9}.Release|x64.Deploy.0 = Release|x64
		{1C609BC5-9DA8-4A74-BFCC-EFF4907247C9}.Release|x86.ActiveCfg = Release|x86
		{1C609BC5-9DA8-4A74-BFCC-EFF4907247C9}.Release|x86.Build.0 = Release|x86
		{1C609BC5-9DA8-4A74-BFCC-EFF4907247C9}.Release|x86.Deploy.0 = Release|x86
		{C3972349-6948-4242-92AB-094E1E5DD628}.Debug|Any CPU.ActiveCfg = Debug|Any CPU
		{C3972349-6948-4242-92AB-094E1E5DD628}.Debug|Any CPU.Build.0 = Debug|Any CPU
		{C3972349-6948-4242-92AB-094E1E5DD628}.Debug|ARM.ActiveCfg = Debug|ARM
		{C3972349-6948-4242-92AB-094E1E5DD628}.Debug|ARM.Build.0 = Debug|ARM
		{C3972349-6948-4242-92AB-094E1E5DD628}.Debug|x64.ActiveCfg = Debug|x64
		{C3972349-6948-4242-92AB-094E1E5DD628}.Debug|x64.Build.0 = Debug|x64
		{C3972349-6948-4242-92AB-094E1E5DD628}.Debug|x86.ActiveCfg = Debug|x86
		{C3972349-6948-4242-92AB-094E1E5DD628}.Debug|x86.Build.0 = Debug|x86
		{C3972349-6948-4242-92AB-094E1E5DD628}.Release|Any CPU.ActiveCfg = Release|Any CPU
		{C3972349-6948-4242-92AB-094E1E5DD628}.Release|Any CPU.Build.0 = Release|Any CPU
		{C3972349-6948-4242-92AB-094E1E5DD628}.Release|ARM.ActiveCfg = Release|ARM
		{C3972349-6948-4242-92AB-094E1E5DD628}.Release|ARM.Build.0 = Release|ARM
		{C3972349-6948-4242-92AB-094E1E5DD628}.Release|x64.ActiveCfg = Release|x64
		{C3972349-6948-4242-92AB-094E1E5DD628}.Release|x64.Build.0 = Release|x64
		{C3972349-6948-4242-92AB-094E1E5DD628}.Release|x86.ActiveCfg = Release|x86
		{C3972349-6948-4242-92AB-094E1E5DD628}.Release|x86.Build.0 = Release|x86
	EndGlobalSection
	GlobalSection(SolutionProperties) = preSolution
		HideSolutionNode = FALSE
	EndGlobalSection
EndGlobal
